
Microsoft Visual Studio Solution File, Format Version 12.00
# Visual Studio Version 17
VisualStudioVersion = 17.0.32112.339
MinimumVisualStudioVersion = 10.0.40219.1
Project("{FAE04EC0-301F-11D3-BF4B-00C04F79EFBC}") = "BLL", "BLL\BLL.csproj", "{7A1A33F9-5929-4F38-AE53-8A47C19ADC85}"
EndProject
Global
	GlobalSection(SolutionConfigurationPlatforms) = preSolution
		Debug|Any CPU = Debug|Any CPU
		Release|Any CPU = Release|Any CPU
	EndGlobalSection
	GlobalSection(ProjectConfigurationPlatforms) = postSolution
		{7A1A33F9-5929-4F38-AE53-8A47C19ADC85}.Debug|Any CPU.ActiveCfg = Debug|Any CPU
		{7A1A33F9-5929-4F38-AE53-8A47C19ADC85}.Debug|Any CPU.Build.0 = Debug|Any CPU
		{7A1A33F9-5929-4F38-AE53-8A47C19ADC85}.Release|Any CPU.ActiveCfg = Release|Any CPU
		{7A1A33F9-5929-4F38-AE53-8A47C19ADC85}.Release|Any CPU.Build.0 = Release|Any CPU
	EndGlobalSection
	GlobalSection(SolutionProperties) = preSolution
		HideSolutionNode = FALSE
	EndGlobalSection
	GlobalSection(ExtensibilityGlobals) = postSolution
		SolutionGuid = {BCC9D4AA-AB06-487C-AFD8-2CD3EBFA8B61}
	EndGlobalSection
EndGlobal
